// !$*UTF8*$!
{
	archiveVersion = 1;
	classes = {
	};
	objectVersion = 46;
	objects = {

/* Begin PBXBuildFile section */
		4E1CF4881DCE6C3200ABF0EB /* impact.ttf in Resources */ = {isa = PBXBuildFile; fileRef = 4E1CF4871DCE6B9300ABF0EB /* impact.ttf */; };
		4E878B981DB6A71A00215DB4 /* MemeTableViewController.swift in Sources */ = {isa = PBXBuildFile; fileRef = 4E878B971DB6A71A00215DB4 /* MemeTableViewController.swift */; };
		4E878B9A1DB6A73000215DB4 /* MemeCollectionViewController.swift in Sources */ = {isa = PBXBuildFile; fileRef = 4E878B991DB6A73000215DB4 /* MemeCollectionViewController.swift */; };
		4E878B9C1DB6AC8E00215DB4 /* MemeCollectionViewCell.swift in Sources */ = {isa = PBXBuildFile; fileRef = 4E878B9B1DB6AC8E00215DB4 /* MemeCollectionViewCell.swift */; };
		4E9487211DAB19E5008F2593 /* AppDelegate.swift in Sources */ = {isa = PBXBuildFile; fileRef = 4E9487201DAB19E5008F2593 /* AppDelegate.swift */; };
		4E9487261DAB19E5008F2593 /* Main.storyboard in Resources */ = {isa = PBXBuildFile; fileRef = 4E9487241DAB19E5008F2593 /* Main.storyboard */; };
		4E9487281DAB19E5008F2593 /* Assets.xcassets in Resources */ = {isa = PBXBuildFile; fileRef = 4E9487271DAB19E5008F2593 /* Assets.xcassets */; };
		4E94872B1DAB19E5008F2593 /* LaunchScreen.storyboard in Resources */ = {isa = PBXBuildFile; fileRef = 4E9487291DAB19E5008F2593 /* LaunchScreen.storyboard */; };
		4E9487361DAB19E5008F2593 /* Meme_Me_2_0Tests.swift in Sources */ = {isa = PBXBuildFile; fileRef = 4E9487351DAB19E5008F2593 /* Meme_Me_2_0Tests.swift */; };
		4E9487411DAB19E5008F2593 /* Meme_Me_2_0UITests.swift in Sources */ = {isa = PBXBuildFile; fileRef = 4E9487401DAB19E5008F2593 /* Meme_Me_2_0UITests.swift */; };
		4E94874F1DAB1C2C008F2593 /* Meme.swift in Sources */ = {isa = PBXBuildFile; fileRef = 4E94874E1DAB1C2C008F2593 /* Meme.swift */; };
		4E9487511DAB1CC9008F2593 /* MemeMeViewController.swift in Sources */ = {isa = PBXBuildFile; fileRef = 4E9487501DAB1CC9008F2593 /* MemeMeViewController.swift */; };
		4E9487531DAB1D4D008F2593 /* MemeMeViewController+Extension.swift in Sources */ = {isa = PBXBuildFile; fileRef = 4E9487521DAB1D4D008F2593 /* MemeMeViewController+Extension.swift */; };
		4E9BACCE1DC538D900BC0E3B /* MemeDetailViewController.swift in Sources */ = {isa = PBXBuildFile; fileRef = 4E9BACCD1DC538D900BC0E3B /* MemeDetailViewController.swift */; };
/* End PBXBuildFile section */

/* Begin PBXContainerItemProxy section */
		4E9487321DAB19E5008F2593 /* PBXContainerItemProxy */ = {
			isa = PBXContainerItemProxy;
			containerPortal = 4E9487151DAB19E5008F2593 /* Project object */;
			proxyType = 1;
			remoteGlobalIDString = 4E94871C1DAB19E5008F2593;
			remoteInfo = "Meme Me 2.0";
		};
		4E94873D1DAB19E5008F2593 /* PBXContainerItemProxy */ = {
			isa = PBXContainerItemProxy;
			containerPortal = 4E9487151DAB19E5008F2593 /* Project object */;
			proxyType = 1;
			remoteGlobalIDString = 4E94871C1DAB19E5008F2593;
			remoteInfo = "Meme Me 2.0";
		};
/* End PBXContainerItemProxy section */

/* Begin PBXFileReference section */
		4E1CF4871DCE6B9300ABF0EB /* impact.ttf */ = {isa = PBXFileReference; lastKnownFileType = file; path = impact.ttf; sourceTree = "<group>"; };
		4E878B971DB6A71A00215DB4 /* MemeTableViewController.swift */ = {isa = PBXFileReference; fileEncoding = 4; lastKnownFileType = sourcecode.swift; path = MemeTableViewController.swift; sourceTree = "<group>"; };
		4E878B991DB6A73000215DB4 /* MemeCollectionViewController.swift */ = {isa = PBXFileReference; fileEncoding = 4; lastKnownFileType = sourcecode.swift; path = MemeCollectionViewController.swift; sourceTree = "<group>"; };
		4E878B9B1DB6AC8E00215DB4 /* MemeCollectionViewCell.swift */ = {isa = PBXFileReference; fileEncoding = 4; lastKnownFileType = sourcecode.swift; path = MemeCollectionViewCell.swift; sourceTree = "<group>"; };
		4E94871D1DAB19E5008F2593 /* Meme Me 2.0.app */ = {isa = PBXFileReference; explicitFileType = wrapper.application; includeInIndex = 0; path = "Meme Me 2.0.app"; sourceTree = BUILT_PRODUCTS_DIR; };
		4E9487201DAB19E5008F2593 /* AppDelegate.swift */ = {isa = PBXFileReference; lastKnownFileType = sourcecode.swift; path = AppDelegate.swift; sourceTree = "<group>"; };
		4E9487251DAB19E5008F2593 /* Base */ = {isa = PBXFileReference; lastKnownFileType = file.storyboard; name = Base; path = Base.lproj/Main.storyboard; sourceTree = "<group>"; };
		4E9487271DAB19E5008F2593 /* Assets.xcassets */ = {isa = PBXFileReference; lastKnownFileType = folder.assetcatalog; path = Assets.xcassets; sourceTree = "<group>"; };
		4E94872A1DAB19E5008F2593 /* Base */ = {isa = PBXFileReference; lastKnownFileType = file.storyboard; name = Base; path = Base.lproj/LaunchScreen.storyboard; sourceTree = "<group>"; };
		4E94872C1DAB19E5008F2593 /* Info.plist */ = {isa = PBXFileReference; lastKnownFileType = text.plist.xml; path = Info.plist; sourceTree = "<group>"; };
		4E9487311DAB19E5008F2593 /* Meme Me 2.0Tests.xctest */ = {isa = PBXFileReference; explicitFileType = wrapper.cfbundle; includeInIndex = 0; path = "Meme Me 2.0Tests.xctest"; sourceTree = BUILT_PRODUCTS_DIR; };
		4E9487351DAB19E5008F2593 /* Meme_Me_2_0Tests.swift */ = {isa = PBXFileReference; lastKnownFileType = sourcecode.swift; path = Meme_Me_2_0Tests.swift; sourceTree = "<group>"; };
		4E9487371DAB19E5008F2593 /* Info.plist */ = {isa = PBXFileReference; lastKnownFileType = text.plist.xml; path = Info.plist; sourceTree = "<group>"; };
		4E94873C1DAB19E5008F2593 /* Meme Me 2.0UITests.xctest */ = {isa = PBXFileReference; explicitFileType = wrapper.cfbundle; includeInIndex = 0; path = "Meme Me 2.0UITests.xctest"; sourceTree = BUILT_PRODUCTS_DIR; };
		4E9487401DAB19E5008F2593 /* Meme_Me_2_0UITests.swift */ = {isa = PBXFileReference; lastKnownFileType = sourcecode.swift; path = Meme_Me_2_0UITests.swift; sourceTree = "<group>"; };
		4E9487421DAB19E5008F2593 /* Info.plist */ = {isa = PBXFileReference; lastKnownFileType = text.plist.xml; path = Info.plist; sourceTree = "<group>"; };
		4E94874E1DAB1C2C008F2593 /* Meme.swift */ = {isa = PBXFileReference; fileEncoding = 4; lastKnownFileType = sourcecode.swift; path = Meme.swift; sourceTree = "<group>"; };
		4E9487501DAB1CC9008F2593 /* MemeMeViewController.swift */ = {isa = PBXFileReference; fileEncoding = 4; lastKnownFileType = sourcecode.swift; path = MemeMeViewController.swift; sourceTree = "<group>"; };
		4E9487521DAB1D4D008F2593 /* MemeMeViewController+Extension.swift */ = {isa = PBXFileReference; fileEncoding = 4; lastKnownFileType = sourcecode.swift; path = "MemeMeViewController+Extension.swift"; sourceTree = "<group>"; };
		4E9BACCD1DC538D900BC0E3B /* MemeDetailViewController.swift */ = {isa = PBXFileReference; fileEncoding = 4; lastKnownFileType = sourcecode.swift; path = MemeDetailViewController.swift; sourceTree = "<group>"; };
/* End PBXFileReference section */

/* Begin PBXFrameworksBuildPhase section */
		4E94871A1DAB19E5008F2593 /* Frameworks */ = {
			isa = PBXFrameworksBuildPhase;
			buildActionMask = 2147483647;
			files = (
			);
			runOnlyForDeploymentPostprocessing = 0;
		};
		4E94872E1DAB19E5008F2593 /* Frameworks */ = {
			isa = PBXFrameworksBuildPhase;
			buildActionMask = 2147483647;
			files = (
			);
			runOnlyForDeploymentPostprocessing = 0;
		};
		4E9487391DAB19E5008F2593 /* Frameworks */ = {
			isa = PBXFrameworksBuildPhase;
			buildActionMask = 2147483647;
			files = (
			);
			runOnlyForDeploymentPostprocessing = 0;
		};
/* End PBXFrameworksBuildPhase section */

/* Begin PBXGroup section */
		4E349AA61DCE6B2C00C26B11 /* Fonts */ = {
			isa = PBXGroup;
			children = (
				4E1CF4871DCE6B9300ABF0EB /* impact.ttf */,
			);
			name = Fonts;
			sourceTree = "<group>";
		};
		4E9487141DAB19E5008F2593 = {
			isa = PBXGroup;
			children = (
				4E94871F1DAB19E5008F2593 /* Meme Me 2.0 */,
				4E9487341DAB19E5008F2593 /* Meme Me 2.0Tests */,
				4E94873F1DAB19E5008F2593 /* Meme Me 2.0UITests */,
				4E94871E1DAB19E5008F2593 /* Products */,
			);
			sourceTree = "<group>";
		};
		4E94871E1DAB19E5008F2593 /* Products */ = {
			isa = PBXGroup;
			children = (
				4E94871D1DAB19E5008F2593 /* Meme Me 2.0.app */,
				4E9487311DAB19E5008F2593 /* Meme Me 2.0Tests.xctest */,
				4E94873C1DAB19E5008F2593 /* Meme Me 2.0UITests.xctest */,
			);
			name = Products;
			sourceTree = "<group>";
		};
		4E94871F1DAB19E5008F2593 /* Meme Me 2.0 */ = {
			isa = PBXGroup;
			children = (
				4E349AA61DCE6B2C00C26B11 /* Fonts */,
				4E9487201DAB19E5008F2593 /* AppDelegate.swift */,
				4E9487241DAB19E5008F2593 /* Main.storyboard */,
				4E9487271DAB19E5008F2593 /* Assets.xcassets */,
				4E9487291DAB19E5008F2593 /* LaunchScreen.storyboard */,
				4E94872C1DAB19E5008F2593 /* Info.plist */,
				4E94874E1DAB1C2C008F2593 /* Meme.swift */,
				4E9487501DAB1CC9008F2593 /* MemeMeViewController.swift */,
				4E9487521DAB1D4D008F2593 /* MemeMeViewController+Extension.swift */,
				4E878B971DB6A71A00215DB4 /* MemeTableViewController.swift */,
				4E878B991DB6A73000215DB4 /* MemeCollectionViewController.swift */,
				4E878B9B1DB6AC8E00215DB4 /* MemeCollectionViewCell.swift */,
				4E9BACCD1DC538D900BC0E3B /* MemeDetailViewController.swift */,
			);
			path = "Meme Me 2.0";
			sourceTree = "<group>";
		};
		4E9487341DAB19E5008F2593 /* Meme Me 2.0Tests */ = {
			isa = PBXGroup;
			children = (
				4E9487351DAB19E5008F2593 /* Meme_Me_2_0Tests.swift */,
				4E9487371DAB19E5008F2593 /* Info.plist */,
			);
			path = "Meme Me 2.0Tests";
			sourceTree = "<group>";
		};
		4E94873F1DAB19E5008F2593 /* Meme Me 2.0UITests */ = {
			isa = PBXGroup;
			children = (
				4E9487401DAB19E5008F2593 /* Meme_Me_2_0UITests.swift */,
				4E9487421DAB19E5008F2593 /* Info.plist */,
			);
			path = "Meme Me 2.0UITests";
			sourceTree = "<group>";
		};
/* End PBXGroup section */

/* Begin PBXNativeTarget section */
		4E94871C1DAB19E5008F2593 /* Meme Me 2.0 */ = {
			isa = PBXNativeTarget;
			buildConfigurationList = 4E9487451DAB19E5008F2593 /* Build configuration list for PBXNativeTarget "Meme Me 2.0" */;
			buildPhases = (
				4E9487191DAB19E5008F2593 /* Sources */,
				4E94871A1DAB19E5008F2593 /* Frameworks */,
				4E94871B1DAB19E5008F2593 /* Resources */,
			);
			buildRules = (
			);
			dependencies = (
			);
			name = "Meme Me 2.0";
			productName = "Meme Me 2.0";
			productReference = 4E94871D1DAB19E5008F2593 /* Meme Me 2.0.app */;
			productType = "com.apple.product-type.application";
		};
		4E9487301DAB19E5008F2593 /* Meme Me 2.0Tests */ = {
			isa = PBXNativeTarget;
			buildConfigurationList = 4E9487481DAB19E5008F2593 /* Build configuration list for PBXNativeTarget "Meme Me 2.0Tests" */;
			buildPhases = (
				4E94872D1DAB19E5008F2593 /* Sources */,
				4E94872E1DAB19E5008F2593 /* Frameworks */,
				4E94872F1DAB19E5008F2593 /* Resources */,
			);
			buildRules = (
			);
			dependencies = (
				4E9487331DAB19E5008F2593 /* PBXTargetDependency */,
			);
			name = "Meme Me 2.0Tests";
			productName = "Meme Me 2.0Tests";
			productReference = 4E9487311DAB19E5008F2593 /* Meme Me 2.0Tests.xctest */;
			productType = "com.apple.product-type.bundle.unit-test";
		};
		4E94873B1DAB19E5008F2593 /* Meme Me 2.0UITests */ = {
			isa = PBXNativeTarget;
			buildConfigurationList = 4E94874B1DAB19E5008F2593 /* Build configuration list for PBXNativeTarget "Meme Me 2.0UITests" */;
			buildPhases = (
				4E9487381DAB19E5008F2593 /* Sources */,
				4E9487391DAB19E5008F2593 /* Frameworks */,
				4E94873A1DAB19E5008F2593 /* Resources */,
			);
			buildRules = (
			);
			dependencies = (
				4E94873E1DAB19E5008F2593 /* PBXTargetDependency */,
			);
			name = "Meme Me 2.0UITests";
			productName = "Meme Me 2.0UITests";
			productReference = 4E94873C1DAB19E5008F2593 /* Meme Me 2.0UITests.xctest */;
			productType = "com.apple.product-type.bundle.ui-testing";
		};
/* End PBXNativeTarget section */

/* Begin PBXProject section */
		4E9487151DAB19E5008F2593 /* Project object */ = {
			isa = PBXProject;
			attributes = {
				LastSwiftUpdateCheck = 0800;
				LastUpgradeCheck = 1010;
				ORGANIZATIONNAME = "William Brubaker";
				TargetAttributes = {
					4E94871C1DAB19E5008F2593 = {
						CreatedOnToolsVersion = 8.0;
						LastSwiftMigration = 1010;
						ProvisioningStyle = Automatic;
					};
					4E9487301DAB19E5008F2593 = {
						CreatedOnToolsVersion = 8.0;
						LastSwiftMigration = 1010;
						ProvisioningStyle = Automatic;
						TestTargetID = 4E94871C1DAB19E5008F2593;
					};
					4E94873B1DAB19E5008F2593 = {
						CreatedOnToolsVersion = 8.0;
						LastSwiftMigration = 1010;
						ProvisioningStyle = Automatic;
						TestTargetID = 4E94871C1DAB19E5008F2593;
					};
				};
			};
			buildConfigurationList = 4E9487181DAB19E5008F2593 /* Build configuration list for PBXProject "Meme Me 2.0" */;
			compatibilityVersion = "Xcode 3.2";
			developmentRegion = English;
			hasScannedForEncodings = 0;
			knownRegions = (
				en,
				Base,
			);
			mainGroup = 4E9487141DAB19E5008F2593;
			productRefGroup = 4E94871E1DAB19E5008F2593 /* Products */;
			projectDirPath = "";
			projectRoot = "";
			targets = (
				4E94871C1DAB19E5008F2593 /* Meme Me 2.0 */,
				4E9487301DAB19E5008F2593 /* Meme Me 2.0Tests */,
				4E94873B1DAB19E5008F2593 /* Meme Me 2.0UITests */,
			);
		};
/* End PBXProject section */

/* Begin PBXResourcesBuildPhase section */
		4E94871B1DAB19E5008F2593 /* Resources */ = {
			isa = PBXResourcesBuildPhase;
			buildActionMask = 2147483647;
			files = (
				4E1CF4881DCE6C3200ABF0EB /* impact.ttf in Resources */,
				4E94872B1DAB19E5008F2593 /* LaunchScreen.storyboard in Resources */,
				4E9487281DAB19E5008F2593 /* Assets.xcassets in Resources */,
				4E9487261DAB19E5008F2593 /* Main.storyboard in Resources */,
			);
			runOnlyForDeploymentPostprocessing = 0;
		};
		4E94872F1DAB19E5008F2593 /* Resources */ = {
			isa = PBXResourcesBuildPhase;
			buildActionMask = 2147483647;
			files = (
			);
			runOnlyForDeploymentPostprocessing = 0;
		};
		4E94873A1DAB19E5008F2593 /* Resources */ = {
			isa = PBXResourcesBuildPhase;
			buildActionMask = 2147483647;
			files = (
			);
			runOnlyForDeploymentPostprocessing = 0;
		};
/* End PBXResourcesBuildPhase section */

/* Begin PBXSourcesBuildPhase section */
		4E9487191DAB19E5008F2593 /* Sources */ = {
			isa = PBXSourcesBuildPhase;
			buildActionMask = 2147483647;
			files = (
				4E9487531DAB1D4D008F2593 /* MemeMeViewController+Extension.swift in Sources */,
				4E94874F1DAB1C2C008F2593 /* Meme.swift in Sources */,
				4E9487511DAB1CC9008F2593 /* MemeMeViewController.swift in Sources */,
				4E878B981DB6A71A00215DB4 /* MemeTableViewController.swift in Sources */,
				4E878B9C1DB6AC8E00215DB4 /* MemeCollectionViewCell.swift in Sources */,
				4E878B9A1DB6A73000215DB4 /* MemeCollectionViewController.swift in Sources */,
				4E9487211DAB19E5008F2593 /* AppDelegate.swift in Sources */,
				4E9BACCE1DC538D900BC0E3B /* MemeDetailViewController.swift in Sources */,
			);
			runOnlyForDeploymentPostprocessing = 0;
		};
		4E94872D1DAB19E5008F2593 /* Sources */ = {
			isa = PBXSourcesBuildPhase;
			buildActionMask = 2147483647;
			files = (
				4E9487361DAB19E5008F2593 /* Meme_Me_2_0Tests.swift in Sources */,
			);
			runOnlyForDeploymentPostprocessing = 0;
		};
		4E9487381DAB19E5008F2593 /* Sources */ = {
			isa = PBXSourcesBuildPhase;
			buildActionMask = 2147483647;
			files = (
				4E9487411DAB19E5008F2593 /* Meme_Me_2_0UITests.swift in Sources */,
			);
			runOnlyForDeploymentPostprocessing = 0;
		};
/* End PBXSourcesBuildPhase section */

/* Begin PBXTargetDependency section */
		4E9487331DAB19E5008F2593 /* PBXTargetDependency */ = {
			isa = PBXTargetDependency;
			target = 4E94871C1DAB19E5008F2593 /* Meme Me 2.0 */;
			targetProxy = 4E9487321DAB19E5008F2593 /* PBXContainerItemProxy */;
		};
		4E94873E1DAB19E5008F2593 /* PBXTargetDependency */ = {
			isa = PBXTargetDependency;
			target = 4E94871C1DAB19E5008F2593 /* Meme Me 2.0 */;
			targetProxy = 4E94873D1DAB19E5008F2593 /* PBXContainerItemProxy */;
		};
/* End PBXTargetDependency section */

/* Begin PBXVariantGroup section */
		4E9487241DAB19E5008F2593 /* Main.storyboard */ = {
			isa = PBXVariantGroup;
			children = (
				4E9487251DAB19E5008F2593 /* Base */,
			);
			name = Main.storyboard;
			sourceTree = "<group>";
		};
		4E9487291DAB19E5008F2593 /* LaunchScreen.storyboard */ = {
			isa = PBXVariantGroup;
			children = (
				4E94872A1DAB19E5008F2593 /* Base */,
			);
			name = LaunchScreen.storyboard;
			sourceTree = "<group>";
		};
/* End PBXVariantGroup section */

/* Begin XCBuildConfiguration section */
		4E9487431DAB19E5008F2593 /* Debug */ = {
			isa = XCBuildConfiguration;
			buildSettings = {
				ALWAYS_SEARCH_USER_PATHS = NO;
				CLANG_ANALYZER_NONNULL = YES;
				CLANG_CXX_LANGUAGE_STANDARD = "gnu++0x";
				CLANG_CXX_LIBRARY = "libc++";
				CLANG_ENABLE_MODULES = YES;
				CLANG_ENABLE_OBJC_ARC = YES;
				CLANG_WARN_BLOCK_CAPTURE_AUTORELEASING = YES;
				CLANG_WARN_BOOL_CONVERSION = YES;
				CLANG_WARN_COMMA = YES;
				CLANG_WARN_CONSTANT_CONVERSION = YES;
				CLANG_WARN_DEPRECATED_OBJC_IMPLEMENTATIONS = YES;
				CLANG_WARN_DIRECT_OBJC_ISA_USAGE = YES_ERROR;
				CLANG_WARN_DOCUMENTATION_COMMENTS = YES;
				CLANG_WARN_EMPTY_BODY = YES;
				CLANG_WARN_ENUM_CONVERSION = YES;
				CLANG_WARN_INFINITE_RECURSION = YES;
				CLANG_WARN_INT_CONVERSION = YES;
				CLANG_WARN_NON_LITERAL_NULL_CONVERSION = YES;
				CLANG_WARN_OBJC_IMPLICIT_RETAIN_SELF = YES;
				CLANG_WARN_OBJC_LITERAL_CONVERSION = YES;
				CLANG_WARN_OBJC_ROOT_CLASS = YES_ERROR;
				CLANG_WARN_RANGE_LOOP_ANALYSIS = YES;
				CLANG_WARN_STRICT_PROTOTYPES = YES;
				CLANG_WARN_SUSPICIOUS_MOVE = YES;
				CLANG_WARN_SUSPICIOUS_MOVES = YES;
				CLANG_WARN_UNREACHABLE_CODE = YES;
				CLANG_WARN__DUPLICATE_METHOD_MATCH = YES;
				"CODE_SIGN_IDENTITY[sdk=iphoneos*]" = "iPhone Developer";
				COPY_PHASE_STRIP = NO;
				DEBUG_INFORMATION_FORMAT = dwarf;
				ENABLE_STRICT_OBJC_MSGSEND = YES;
				ENABLE_TESTABILITY = YES;
				GCC_C_LANGUAGE_STANDARD = gnu99;
				GCC_DYNAMIC_NO_PIC = NO;
				GCC_NO_COMMON_BLOCKS = YES;
				GCC_OPTIMIZATION_LEVEL = 0;
				GCC_PREPROCESSOR_DEFINITIONS = (
					"DEBUG=1",
					"$(inherited)",
				);
				GCC_WARN_64_TO_32_BIT_CONVERSION = YES;
				GCC_WARN_ABOUT_RETURN_TYPE = YES_ERROR;
				GCC_WARN_UNDECLARED_SELECTOR = YES;
				GCC_WARN_UNINITIALIZED_AUTOS = YES_AGGRESSIVE;
				GCC_WARN_UNUSED_FUNCTION = YES;
				GCC_WARN_UNUSED_VARIABLE = YES;
				IPHONEOS_DEPLOYMENT_TARGET = 10.0;
				MTL_ENABLE_DEBUG_INFO = YES;
				ONLY_ACTIVE_ARCH = YES;
				SDKROOT = iphoneos;
				SWIFT_ACTIVE_COMPILATION_CONDITIONS = DEBUG;
				SWIFT_OPTIMIZATION_LEVEL = "-Onone";
				TARGETED_DEVICE_FAMILY = "1,2";
			};
			name = Debug;
		};
		4E9487441DAB19E5008F2593 /* Release */ = {
			isa = XCBuildConfiguration;
			buildSettings = {
				ALWAYS_SEARCH_USER_PATHS = NO;
				CLANG_ANALYZER_NONNULL = YES;
				CLANG_CXX_LANGUAGE_STANDARD = "gnu++0x";
				CLANG_CXX_LIBRARY = "libc++";
				CLANG_ENABLE_MODULES = YES;
				CLANG_ENABLE_OBJC_ARC = YES;
				CLANG_WARN_BLOCK_CAPTURE_AUTORELEASING = YES;
				CLANG_WARN_BOOL_CONVERSION = YES;
				CLANG_WARN_COMMA = YES;
				CLANG_WARN_CONSTANT_CONVERSION = YES;
				CLANG_WARN_DEPRECATED_OBJC_IMPLEMENTATIONS = YES;
				CLANG_WARN_DIRECT_OBJC_ISA_USAGE = YES_ERROR;
				CLANG_WARN_DOCUMENTATION_COMMENTS = YES;
				CLANG_WARN_EMPTY_BODY = YES;
				CLANG_WARN_ENUM_CONVERSION = YES;
				CLANG_WARN_INFINITE_RECURSION = YES;
				CLANG_WARN_INT_CONVERSION = YES;
				CLANG_WARN_NON_LITERAL_NULL_CONVERSION = YES;
				CLANG_WARN_OBJC_IMPLICIT_RETAIN_SELF = YES;
				CLANG_WARN_OBJC_LITERAL_CONVERSION = YES;
				CLANG_WARN_OBJC_ROOT_CLASS = YES_ERROR;
				CLANG_WARN_RANGE_LOOP_ANALYSIS = YES;
				CLANG_WARN_STRICT_PROTOTYPES = YES;
				CLANG_WARN_SUSPICIOUS_MOVE = YES;
				CLANG_WARN_SUSPICIOUS_MOVES = YES;
				CLANG_WARN_UNREACHABLE_CODE = YES;
				CLANG_WARN__DUPLICATE_METHOD_MATCH = YES;
				"CODE_SIGN_IDENTITY[sdk=iphoneos*]" = "iPhone Developer";
				COPY_PHASE_STRIP = NO;
				DEBUG_INFORMATION_FORMAT = "dwarf-with-dsym";
				ENABLE_NS_ASSERTIONS = NO;
				ENABLE_STRICT_OBJC_MSGSEND = YES;
				GCC_C_LANGUAGE_STANDARD = gnu99;
				GCC_NO_COMMON_BLOCKS = YES;
				GCC_WARN_64_TO_32_BIT_CONVERSION = YES;
				GCC_WARN_ABOUT_RETURN_TYPE = YES_ERROR;
				GCC_WARN_UNDECLARED_SELECTOR = YES;
				GCC_WARN_UNINITIALIZED_AUTOS = YES_AGGRESSIVE;
				GCC_WARN_UNUSED_FUNCTION = YES;
				GCC_WARN_UNUSED_VARIABLE = YES;
				IPHONEOS_DEPLOYMENT_TARGET = 10.0;
				MTL_ENABLE_DEBUG_INFO = NO;
				SDKROOT = iphoneos;
				SWIFT_OPTIMIZATION_LEVEL = "-Owholemodule";
				TARGETED_DEVICE_FAMILY = "1,2";
				VALIDATE_PRODUCT = YES;
			};
			name = Release;
		};
		4E9487461DAB19E5008F2593 /* Debug */ = {
			isa = XCBuildConfiguration;
			buildSettings = {
				ASSETCATALOG_COMPILER_APPICON_NAME = AppIcon;
				INFOPLIST_FILE = "Meme Me 2.0/Info.plist";
				LD_RUNPATH_SEARCH_PATHS = "$(inherited) @executable_path/Frameworks";
				PRODUCT_BUNDLE_IDENTIFIER = "IntelBeast.Meme-Me-2-0";
				PRODUCT_NAME = "$(TARGET_NAME)";
				SWIFT_SWIFT3_OBJC_INFERENCE = On;
				SWIFT_VERSION = 4.2;
			};
			name = Debug;
		};
		4E9487471DAB19E5008F2593 /* Release */ = {
			isa = XCBuildConfiguration;
			buildSettings = {
				ASSETCATALOG_COMPILER_APPICON_NAME = AppIcon;
				INFOPLIST_FILE = "Meme Me 2.0/Info.plist";
				LD_RUNPATH_SEARCH_PATHS = "$(inherited) @executable_path/Frameworks";
				PRODUCT_BUNDLE_IDENTIFIER = "IntelBeast.Meme-Me-2-0";
				PRODUCT_NAME = "$(TARGET_NAME)";
				SWIFT_SWIFT3_OBJC_INFERENCE = On;
				SWIFT_VERSION = 4.2;
			};
			name = Release;
		};
		4E9487491DAB19E5008F2593 /* Debug */ = {
			isa = XCBuildConfiguration;
			buildSettings = {
				ALWAYS_EMBED_SWIFT_STANDARD_LIBRARIES = YES;
				BUNDLE_LOADER = "$(TEST_HOST)";
				INFOPLIST_FILE = "Meme Me 2.0Tests/Info.plist";
				LD_RUNPATH_SEARCH_PATHS = "$(inherited) @executable_path/Frameworks @loader_path/Frameworks";
				PRODUCT_BUNDLE_IDENTIFIER = "IntelBeast.Meme-Me-2-0Tests";
				PRODUCT_NAME = "$(TARGET_NAME)";
				SWIFT_SWIFT3_OBJC_INFERENCE = On;
				SWIFT_VERSION = 4.2;
				TEST_HOST = "$(BUILT_PRODUCTS_DIR)/Meme Me 2.0.app/Meme Me 2.0";
			};
			name = Debug;
		};
		4E94874A1DAB19E5008F2593 /* Release */ = {
			isa = XCBuildConfiguration;
			buildSettings = {
				ALWAYS_EMBED_SWIFT_STANDARD_LIBRARIES = YES;
				BUNDLE_LOADER = "$(TEST_HOST)";
				INFOPLIST_FILE = "Meme Me 2.0Tests/Info.plist";
				LD_RUNPATH_SEARCH_PATHS = "$(inherited) @executable_path/Frameworks @loader_path/Frameworks";
				PRODUCT_BUNDLE_IDENTIFIER = "IntelBeast.Meme-Me-2-0Tests";
				PRODUCT_NAME = "$(TARGET_NAME)";
				SWIFT_SWIFT3_OBJC_INFERENCE = On;
				SWIFT_VERSION = 4.2;
				TEST_HOST = "$(BUILT_PRODUCTS_DIR)/Meme Me 2.0.app/Meme Me 2.0";
			};
			name = Release;
		};
		4E94874C1DAB19E5008F2593 /* Debug */ = {
			isa = XCBuildConfiguration;
			buildSettings = {
				ALWAYS_EMBED_SWIFT_STANDARD_LIBRARIES = YES;
				INFOPLIST_FILE = "Meme Me 2.0UITests/Info.plist";
				LD_RUNPATH_SEARCH_PATHS = "$(inherited) @executable_path/Frameworks @loader_path/Frameworks";
				PRODUCT_BUNDLE_IDENTIFIER = "IntelBeast.Meme-Me-2-0UITests";
				PRODUCT_NAME = "$(TARGET_NAME)";
				SWIFT_SWIFT3_OBJC_INFERENCE = On;
				SWIFT_VERSION = 4.2;
				TEST_TARGET_NAME = "Meme Me 2.0";
			};
			name = Debug;
		};
		4E94874D1DAB19E5008F2593 /* Release */ = {
			isa = XCBuildConfiguration;
			buildSettings = {
				ALWAYS_EMBED_SWIFT_STANDARD_LIBRARIES = YES;
				INFOPLIST_FILE = "Meme Me 2.0UITests/Info.plist";
				LD_RUNPATH_SEARCH_PATHS = "$(inherited) @executable_path/Frameworks @loader_path/Frameworks";
				PRODUCT_BUNDLE_IDENTIFIER = "IntelBeast.Meme-Me-2-0UITests";
				PRODUCT_NAME = "$(TARGET_NAME)";
				SWIFT_SWIFT3_OBJC_INFERENCE = On;
				SWIFT_VERSION = 4.2;
				TEST_TARGET_NAME = "Meme Me 2.0";
			};
			name = Release;
		};
/* End XCBuildConfiguration section */

/* Begin XCConfigurationList section */
		4E9487181DAB19E5008F2593 /* Build configuration list for PBXProject "Meme Me 2.0" */ = {
			isa = XCConfigurationList;
			buildConfigurations = (
				4E9487431DAB19E5008F2593 /* Debug */,
				4E9487441DAB19E5008F2593 /* Release */,
			);
			defaultConfigurationIsVisible = 0;
			defaultConfigurationName = Release;
		};
		4E9487451DAB19E5008F2593 /* Build configuration list for PBXNativeTarget "Meme Me 2.0" */ = {
			isa = XCConfigurationList;
			buildConfigurations = (
				4E9487461DAB19E5008F2593 /* Debug */,
				4E9487471DAB19E5008F2593 /* Release */,
			);
			defaultConfigurationIsVisible = 0;
			defaultConfigurationName = Release;
		};
		4E9487481DAB19E5008F2593 /* Build configuration list for PBXNativeTarget "Meme Me 2.0Tests" */ = {
			isa = XCConfigurationList;
			buildConfigurations = (
				4E9487491DAB19E5008F2593 /* Debug */,
				4E94874A1DAB19E5008F2593 /* Release */,
			);
			defaultConfigurationIsVisible = 0;
			defaultConfigurationName = Release;
		};
		4E94874B1DAB19E5008F2593 /* Build configuration list for PBXNativeTarget "Meme Me 2.0UITests" */ = {
			isa = XCConfigurationList;
			buildConfigurations = (
				4E94874C1DAB19E5008F2593 /* Debug */,
				4E94874D1DAB19E5008F2593 /* Release */,
			);
			defaultConfigurationIsVisible = 0;
			defaultConfigurationName = Release;
		};
/* End XCConfigurationList section */
	};
	rootObject = 4E9487151DAB19E5008F2593 /* Project object */;
}
